
Microsoft Visual Studio Solution File, Format Version 12.00
# Visual Studio Version 17
VisualStudioVersion = 17.9.34607.119
MinimumVisualStudioVersion = 10.0.40219.1
Project("{FAE04EC0-301F-11D3-BF4B-00C04F79EFBC}") = "ProyectoGrupal", "ProyectoGrupal\ProyectoGrupal.csproj", "{DD9C6B13-3D78-4F20-ABC1-5CE930816270}"
EndProject
Global
	GlobalSection(SolutionConfigurationPlatforms) = preSolution
		Debug|Any CPU = Debug|Any CPU
		Release|Any CPU = Release|Any CPU
	EndGlobalSection
	GlobalSection(ProjectConfigurationPlatforms) = postSolution
		{DD9C6B13-3D78-4F20-ABC1-5CE930816270}.Debug|Any CPU.ActiveCfg = Debug|Any CPU
		{DD9C6B13-3D78-4F20-ABC1-5CE930816270}.Debug|Any CPU.Build.0 = Debug|Any CPU
		{DD9C6B13-3D78-4F20-ABC1-5CE930816270}.Release|Any CPU.ActiveCfg = Release|Any CPU
		{DD9C6B13-3D78-4F20-ABC1-5CE930816270}.Release|Any CPU.Build.0 = Release|Any CPU
	EndGlobalSection
	GlobalSection(SolutionProperties) = preSolution
		HideSolutionNode = FALSE
	EndGlobalSection
	GlobalSection(ExtensibilityGlobals) = postSolution
		SolutionGuid = {7591614E-3B6D-4693-B677-33906D88F27B}
	EndGlobalSection
EndGlobal
